
Microsoft Visual Studio Solution File, Format Version 12.00
# Visual Studio Version 17
VisualStudioVersion = 17.3.32901.215
MinimumVisualStudioVersion = 10.0.40219.1
Project("{8BC9CEB8-8B4A-11D0-8D11-00A0C91BC942}") = "test_2022_10_22", "test_2022_10_22\test_2022_10_22.vcxproj", "{003569A9-62A4-4581-99AA-083BE27654B5}"
EndProject
Global
	GlobalSection(SolutionConfigurationPlatforms) = preSolution
		Debug|x64 = Debug|x64
		Debug|x86 = Debug|x86
		Release|x64 = Release|x64
		Release|x86 = Release|x86
	EndGlobalSection
	GlobalSection(ProjectConfigurationPlatforms) = postSolution
		{003569A9-62A4-4581-99AA-083BE27654B5}.Debug|x64.ActiveCfg = Debug|x64
		{003569A9-62A4-4581-99AA-083BE27654B5}.Debug|x64.Build.0 = Debug|x64
		{003569A9-62A4-4581-99AA-083BE27654B5}.Debug|x86.ActiveCfg = Debug|Win32
		{003569A9-62A4-4581-99AA-083BE27654B5}.Debug|x86.Build.0 = Debug|Win32
		{003569A9-62A4-4581-99AA-083BE27654B5}.Release|x64.ActiveCfg = Release|x64
		{003569A9-62A4-4581-99AA-083BE27654B5}.Release|x64.Build.0 = Release|x64
		{003569A9-62A4-4581-99AA-083BE27654B5}.Release|x86.ActiveCfg = Release|Win32
		{003569A9-62A4-4581-99AA-083BE27654B5}.Release|x86.Build.0 = Release|Win32
	EndGlobalSection
	GlobalSection(SolutionProperties) = preSolution
		HideSolutionNode = FALSE
	EndGlobalSection
	GlobalSection(ExtensibilityGlobals) = postSolution
		SolutionGuid = {6F5941E0-B5C4-4E9F-B10D-EB5F51C90317}
	EndGlobalSection
EndGlobal
